// !$*UTF8*$!
{
	archiveVersion = 1;
	classes = {
	};
	objectVersion = 55;
	objects = {

/* Begin PBXBuildFile section */
		6477BC2C21C1F2BEA539A261 /* Pods_InstagramClon.framework in Frameworks */ = {isa = PBXBuildFile; fileRef = D010D8D6BA48074D6E470B59 /* Pods_InstagramClon.framework */; };
		AC77805B27D72FA900411B8F /* AppDelegate.swift in Sources */ = {isa = PBXBuildFile; fileRef = AC77805A27D72FA900411B8F /* AppDelegate.swift */; };
		AC77805D27D72FA900411B8F /* SceneDelegate.swift in Sources */ = {isa = PBXBuildFile; fileRef = AC77805C27D72FA900411B8F /* SceneDelegate.swift */; };
		AC77806227D72FA900411B8F /* Main.storyboard in Resources */ = {isa = PBXBuildFile; fileRef = AC77806027D72FA900411B8F /* Main.storyboard */; };
		AC77806427D72FB000411B8F /* Assets.xcassets in Resources */ = {isa = PBXBuildFile; fileRef = AC77806327D72FB000411B8F /* Assets.xcassets */; };
		AC77806727D72FB000411B8F /* LaunchScreen.storyboard in Resources */ = {isa = PBXBuildFile; fileRef = AC77806527D72FB000411B8F /* LaunchScreen.storyboard */; };
		AC77806F27D7DF5C00411B8F /* LoginViewController.swift in Sources */ = {isa = PBXBuildFile; fileRef = AC77806E27D7DF5C00411B8F /* LoginViewController.swift */; };
		AC77807127D7DF7C00411B8F /* FeedViewController.swift in Sources */ = {isa = PBXBuildFile; fileRef = AC77807027D7DF7C00411B8F /* FeedViewController.swift */; };
		AC77807327D82FED00411B8F /* CameraViewController.swift in Sources */ = {isa = PBXBuildFile; fileRef = AC77807227D82FED00411B8F /* CameraViewController.swift */; };
		AC77807627D954CD00411B8F /* FeedCell.swift in Sources */ = {isa = PBXBuildFile; fileRef = AC77807527D954CC00411B8F /* FeedCell.swift */; };
/* End PBXBuildFile section */

/* Begin PBXFileReference section */
		59D467E6E06BD5A826E299E3 /* Pods-InstagramClon.release.xcconfig */ = {isa = PBXFileReference; includeInIndex = 1; lastKnownFileType = text.xcconfig; name = "Pods-InstagramClon.release.xcconfig"; path = "Target Support Files/Pods-InstagramClon/Pods-InstagramClon.release.xcconfig"; sourceTree = "<group>"; };
		AC77805727D72FA900411B8F /* InstagramClon.app */ = {isa = PBXFileReference; explicitFileType = wrapper.application; includeInIndex = 0; path = InstagramClon.app; sourceTree = BUILT_PRODUCTS_DIR; };
		AC77805A27D72FA900411B8F /* AppDelegate.swift */ = {isa = PBXFileReference; lastKnownFileType = sourcecode.swift; path = AppDelegate.swift; sourceTree = "<group>"; };
		AC77805C27D72FA900411B8F /* SceneDelegate.swift */ = {isa = PBXFileReference; lastKnownFileType = sourcecode.swift; path = SceneDelegate.swift; sourceTree = "<group>"; };
		AC77806127D72FA900411B8F /* Base */ = {isa = PBXFileReference; lastKnownFileType = file.storyboard; name = Base; path = Base.lproj/Main.storyboard; sourceTree = "<group>"; };
		AC77806327D72FB000411B8F /* Assets.xcassets */ = {isa = PBXFileReference; lastKnownFileType = folder.assetcatalog; path = Assets.xcassets; sourceTree = "<group>"; };
		AC77806627D72FB000411B8F /* Base */ = {isa = PBXFileReference; lastKnownFileType = file.storyboard; name = Base; path = Base.lproj/LaunchScreen.storyboard; sourceTree = "<group>"; };
		AC77806827D72FB000411B8F /* Info.plist */ = {isa = PBXFileReference; lastKnownFileType = text.plist.xml; path = Info.plist; sourceTree = "<group>"; };
		AC77806E27D7DF5C00411B8F /* LoginViewController.swift */ = {isa = PBXFileReference; lastKnownFileType = sourcecode.swift; path = LoginViewController.swift; sourceTree = "<group>"; };
		AC77807027D7DF7C00411B8F /* FeedViewController.swift */ = {isa = PBXFileReference; lastKnownFileType = sourcecode.swift; path = FeedViewController.swift; sourceTree = "<group>"; };
		AC77807227D82FED00411B8F /* CameraViewController.swift */ = {isa = PBXFileReference; lastKnownFileType = sourcecode.swift; path = CameraViewController.swift; sourceTree = "<group>"; };
		AC77807527D954CC00411B8F /* FeedCell.swift */ = {isa = PBXFileReference; lastKnownFileType = sourcecode.swift; path = FeedCell.swift; sourceTree = "<group>"; };
		D010D8D6BA48074D6E470B59 /* Pods_InstagramClon.framework */ = {isa = PBXFileReference; explicitFileType = wrapper.framework; includeInIndex = 0; path = Pods_InstagramClon.framework; sourceTree = BUILT_PRODUCTS_DIR; };
		D71F5C3DB32028A68EA6FD60 /* Pods-InstagramClon.debug.xcconfig */ = {isa = PBXFileReference; includeInIndex = 1; lastKnownFileType = text.xcconfig; name = "Pods-InstagramClon.debug.xcconfig"; path = "Target Support Files/Pods-InstagramClon/Pods-InstagramClon.debug.xcconfig"; sourceTree = "<group>"; };
/* End PBXFileReference section */

/* Begin PBXFrameworksBuildPhase section */
		AC77805427D72FA900411B8F /* Frameworks */ = {
			isa = PBXFrameworksBuildPhase;
			buildActionMask = 2147483647;
			files = (
				6477BC2C21C1F2BEA539A261 /* Pods_InstagramClon.framework in Frameworks */,
			);
			runOnlyForDeploymentPostprocessing = 0;
		};
/* End PBXFrameworksBuildPhase section */

/* Begin PBXGroup section */
		60F9AA5991DFA152214118C4 /* Pods */ = {
			isa = PBXGroup;
			children = (
				D71F5C3DB32028A68EA6FD60 /* Pods-InstagramClon.debug.xcconfig */,
				59D467E6E06BD5A826E299E3 /* Pods-InstagramClon.release.xcconfig */,
			);
			path = Pods;
			sourceTree = "<group>";
		};
		AC77804E27D72FA900411B8F = {
			isa = PBXGroup;
			children = (
				AC77805927D72FA900411B8F /* InstagramClon */,
				AC77805827D72FA900411B8F /* Products */,
				60F9AA5991DFA152214118C4 /* Pods */,
				EC86C63C966A12F59A2C7C08 /* Frameworks */,
			);
			sourceTree = "<group>";
		};
		AC77805827D72FA900411B8F /* Products */ = {
			isa = PBXGroup;
			children = (
				AC77805727D72FA900411B8F /* InstagramClon.app */,
			);
			name = Products;
			sourceTree = "<group>";
		};
		AC77805927D72FA900411B8F /* InstagramClon */ = {
			isa = PBXGroup;
			children = (
				AC77805A27D72FA900411B8F /* AppDelegate.swift */,
				AC77805C27D72FA900411B8F /* SceneDelegate.swift */,
				AC77806027D72FA900411B8F /* Main.storyboard */,
				AC77806327D72FB000411B8F /* Assets.xcassets */,
				AC77806527D72FB000411B8F /* LaunchScreen.storyboard */,
				AC77806827D72FB000411B8F /* Info.plist */,
				AC77806E27D7DF5C00411B8F /* LoginViewController.swift */,
				AC77807027D7DF7C00411B8F /* FeedViewController.swift */,
				AC77807227D82FED00411B8F /* CameraViewController.swift */,
				AC77807527D954CC00411B8F /* FeedCell.swift */,
			);
			path = InstagramClon;
			sourceTree = "<group>";
		};
		EC86C63C966A12F59A2C7C08 /* Frameworks */ = {
			isa = PBXGroup;
			children = (
				D010D8D6BA48074D6E470B59 /* Pods_InstagramClon.framework */,
			);
			name = Frameworks;
			sourceTree = "<group>";
		};
/* End PBXGroup section */

/* Begin PBXNativeTarget section */
		AC77805627D72FA900411B8F /* InstagramClon */ = {
			isa = PBXNativeTarget;
			buildConfigurationList = AC77806B27D72FB000411B8F /* Build configuration list for PBXNativeTarget "InstagramClon" */;
			buildPhases = (
				E20D53F5E9358E84108976C7 /* [CP] Check Pods Manifest.lock */,
				AC77805327D72FA900411B8F /* Sources */,
				AC77805427D72FA900411B8F /* Frameworks */,
				AC77805527D72FA900411B8F /* Resources */,
				FFCB8CC4D30DE27492A0E59D /* [CP] Embed Pods Frameworks */,
			);
			buildRules = (
			);
			dependencies = (
			);
			name = InstagramClon;
			productName = InstagramClon;
			productReference = AC77805727D72FA900411B8F /* InstagramClon.app */;
			productType = "com.apple.product-type.application";
		};
/* End PBXNativeTarget section */

/* Begin PBXProject section */
		AC77804F27D72FA900411B8F /* Project object */ = {
			isa = PBXProject;
			attributes = {
				BuildIndependentTargetsInParallel = 1;
				LastSwiftUpdateCheck = 1320;
				LastUpgradeCheck = 1320;
				TargetAttributes = {
					AC77805627D72FA900411B8F = {
						CreatedOnToolsVersion = 13.2.1;
					};
				};
			};
			buildConfigurationList = AC77805227D72FA900411B8F /* Build configuration list for PBXProject "InstagramClon" */;
			compatibilityVersion = "Xcode 13.0";
			developmentRegion = en;
			hasScannedForEncodings = 0;
			knownRegions = (
				en,
				Base,
			);
			mainGroup = AC77804E27D72FA900411B8F;
			productRefGroup = AC77805827D72FA900411B8F /* Products */;
			projectDirPath = "";
			projectRoot = "";
			targets = (
				AC77805627D72FA900411B8F /* InstagramClon */,
			);
		};
/* End PBXProject section */

/* Begin PBXResourcesBuildPhase section */
		AC77805527D72FA900411B8F /* Resources */ = {
			isa = PBXResourcesBuildPhase;
			buildActionMask = 2147483647;
			files = (
				AC77806727D72FB000411B8F /* LaunchScreen.storyboard in Resources */,
				AC77806427D72FB000411B8F /* Assets.xcassets in Resources */,
				AC77806227D72FA900411B8F /* Main.storyboard in Resources */,
			);
			runOnlyForDeploymentPostprocessing = 0;
		};
/* End PBXResourcesBuildPhase section */

/* Begin PBXShellScriptBuildPhase section */
		E20D53F5E9358E84108976C7 /* [CP] Check Pods Manifest.lock */ = {
			isa = PBXShellScriptBuildPhase;
			buildActionMask = 2147483647;
			files = (
			);
			inputFileListPaths = (
			);
			inputPaths = (
				"${PODS_PODFILE_DIR_PATH}/Podfile.lock",
				"${PODS_ROOT}/Manifest.lock",
			);
			name = "[CP] Check Pods Manifest.lock";
			outputFileListPaths = (
			);
			outputPaths = (
				"$(DERIVED_FILE_DIR)/Pods-InstagramClon-checkManifestLockResult.txt",
			);
			runOnlyForDeploymentPostprocessing = 0;
			shellPath = /bin/sh;
			shellScript = "diff \"${PODS_PODFILE_DIR_PATH}/Podfile.lock\" \"${PODS_ROOT}/Manifest.lock\" > /dev/null\nif [ $? != 0 ] ; then\n    # print error to STDERR\n    echo \"error: The sandbox is not in sync with the Podfile.lock. Run 'pod install' or update your CocoaPods installation.\" >&2\n    exit 1\nfi\n# This output is used by Xcode 'outputs' to avoid re-running this script phase.\necho \"SUCCESS\" > \"${SCRIPT_OUTPUT_FILE_0}\"\n";
			showEnvVarsInLog = 0;
		};
		FFCB8CC4D30DE27492A0E59D /* [CP] Embed Pods Frameworks */ = {
			isa = PBXShellScriptBuildPhase;
			buildActionMask = 2147483647;
			files = (
			);
			inputFileListPaths = (
				"${PODS_ROOT}/Target Support Files/Pods-InstagramClon/Pods-InstagramClon-frameworks-${CONFIGURATION}-input-files.xcfilelist",
			);
			name = "[CP] Embed Pods Frameworks";
			outputFileListPaths = (
				"${PODS_ROOT}/Target Support Files/Pods-InstagramClon/Pods-InstagramClon-frameworks-${CONFIGURATION}-output-files.xcfilelist",
			);
			runOnlyForDeploymentPostprocessing = 0;
			shellPath = /bin/sh;
			shellScript = "\"${PODS_ROOT}/Target Support Files/Pods-InstagramClon/Pods-InstagramClon-frameworks.sh\"\n";
			showEnvVarsInLog = 0;
		};
/* End PBXShellScriptBuildPhase section */

/* Begin PBXSourcesBuildPhase section */
		AC77805327D72FA900411B8F /* Sources */ = {
			isa = PBXSourcesBuildPhase;
			buildActionMask = 2147483647;
			files = (
				AC77806F27D7DF5C00411B8F /* LoginViewController.swift in Sources */,
				AC77807327D82FED00411B8F /* CameraViewController.swift in Sources */,
				AC77805B27D72FA900411B8F /* AppDelegate.swift in Sources */,
				AC77807127D7DF7C00411B8F /* FeedViewController.swift in Sources */,
				AC77805D27D72FA900411B8F /* SceneDelegate.swift in Sources */,
				AC77807627D954CD00411B8F /* FeedCell.swift in Sources */,
			);
			runOnlyForDeploymentPostprocessing = 0;
		};
/* End PBXSourcesBuildPhase section */

/* Begin PBXVariantGroup section */
		AC77806027D72FA900411B8F /* Main.storyboard */ = {
			isa = PBXVariantGroup;
			children = (
				AC77806127D72FA900411B8F /* Base */,
			);
			name = Main.storyboard;
			sourceTree = "<group>";
		};
		AC77806527D72FB000411B8F /* LaunchScreen.storyboard */ = {
			isa = PBXVariantGroup;
			children = (
				AC77806627D72FB000411B8F /* Base */,
			);
			name = LaunchScreen.storyboard;
			sourceTree = "<group>";
		};
/* End PBXVariantGroup section */

/* Begin XCBuildConfiguration section */
		AC77806927D72FB000411B8F /* Debug */ = {
			isa = XCBuildConfiguration;
			buildSettings = {
				ALWAYS_SEARCH_USER_PATHS = NO;
				CLANG_ANALYZER_NONNULL = YES;
				CLANG_ANALYZER_NUMBER_OBJECT_CONVERSION = YES_AGGRESSIVE;
				CLANG_CXX_LANGUAGE_STANDARD = "gnu++17";
				CLANG_CXX_LIBRARY = "libc++";
				CLANG_ENABLE_MODULES = YES;
				CLANG_ENABLE_OBJC_ARC = YES;
				CLANG_ENABLE_OBJC_WEAK = YES;
				CLANG_WARN_BLOCK_CAPTURE_AUTORELEASING = YES;
				CLANG_WARN_BOOL_CONVERSION = YES;
				CLANG_WARN_COMMA = YES;
				CLANG_WARN_CONSTANT_CONVERSION = YES;
				CLANG_WARN_DEPRECATED_OBJC_IMPLEMENTATIONS = YES;
				CLANG_WARN_DIRECT_OBJC_ISA_USAGE = YES_ERROR;
				CLANG_WARN_DOCUMENTATION_COMMENTS = YES;
				CLANG_WARN_EMPTY_BODY = YES;
				CLANG_WARN_ENUM_CONVERSION = YES;
				CLANG_WARN_INFINITE_RECURSION = YES;
				CLANG_WARN_INT_CONVERSION = YES;
				CLANG_WARN_NON_LITERAL_NULL_CONVERSION = YES;
				CLANG_WARN_OBJC_IMPLICIT_RETAIN_SELF = YES;
				CLANG_WARN_OBJC_LITERAL_CONVERSION = YES;
				CLANG_WARN_OBJC_ROOT_CLASS = YES_ERROR;
				CLANG_WARN_QUOTED_INCLUDE_IN_FRAMEWORK_HEADER = YES;
				CLANG_WARN_RANGE_LOOP_ANALYSIS = YES;
				CLANG_WARN_STRICT_PROTOTYPES = YES;
				CLANG_WARN_SUSPICIOUS_MOVE = YES;
				CLANG_WARN_UNGUARDED_AVAILABILITY = YES_AGGRESSIVE;
				CLANG_WARN_UNREACHABLE_CODE = YES;
				CLANG_WARN__DUPLICATE_METHOD_MATCH = YES;
				COPY_PHASE_STRIP = NO;
				DEBUG_INFORMATION_FORMAT = dwarf;
				ENABLE_STRICT_OBJC_MSGSEND = YES;
				ENABLE_TESTABILITY = YES;
				GCC_C_LANGUAGE_STANDARD = gnu11;
				GCC_DYNAMIC_NO_PIC = NO;
				GCC_NO_COMMON_BLOCKS = YES;
				GCC_OPTIMIZATION_LEVEL = 0;
				GCC_PREPROCESSOR_DEFINITIONS = (
					"DEBUG=1",
					"$(inherited)",
				);
				GCC_WARN_64_TO_32_BIT_CONVERSION = YES;
				GCC_WARN_ABOUT_RETURN_TYPE = YES_ERROR;
				GCC_WARN_UNDECLARED_SELECTOR = YES;
				GCC_WARN_UNINITIALIZED_AUTOS = YES_AGGRESSIVE;
				GCC_WARN_UNUSED_FUNCTION = YES;
				GCC_WARN_UNUSED_VARIABLE = YES;
				IPHONEOS_DEPLOYMENT_TARGET = 15.2;
				MTL_ENABLE_DEBUG_INFO = INCLUDE_SOURCE;
				MTL_FAST_MATH = YES;
				ONLY_ACTIVE_ARCH = YES;
				SDKROOT = iphoneos;
				SWIFT_ACTIVE_COMPILATION_CONDITIONS = DEBUG;
				SWIFT_OPTIMIZATION_LEVEL = "-Onone";
			};
			name = Debug;
		};
		AC77806A27D72FB000411B8F /* Release */ = {
			isa = XCBuildConfiguration;
			buildSettings = {
				ALWAYS_SEARCH_USER_PATHS = NO;
				CLANG_ANALYZER_NONNULL = YES;
				CLANG_ANALYZER_NUMBER_OBJECT_CONVERSION = YES_AGGRESSIVE;
				CLANG_CXX_LANGUAGE_STANDARD = "gnu++17";
				CLANG_CXX_LIBRARY = "libc++";
				CLANG_ENABLE_MODULES = YES;
				CLANG_ENABLE_OBJC_ARC = YES;
				CLANG_ENABLE_OBJC_WEAK = YES;
				CLANG_WARN_BLOCK_CAPTURE_AUTORELEASING = YES;
				CLANG_WARN_BOOL_CONVERSION = YES;
				CLANG_WARN_COMMA = YES;
				CLANG_WARN_CONSTANT_CONVERSION = YES;
				CLANG_WARN_DEPRECATED_OBJC_IMPLEMENTATIONS = YES;
				CLANG_WARN_DIRECT_OBJC_ISA_USAGE = YES_ERROR;
				CLANG_WARN_DOCUMENTATION_COMMENTS = YES;
				CLANG_WARN_EMPTY_BODY = YES;
				CLANG_WARN_ENUM_CONVERSION = YES;
				CLANG_WARN_INFINITE_RECURSION = YES;
				CLANG_WARN_INT_CONVERSION = YES;
				CLANG_WARN_NON_LITERAL_NULL_CONVERSION = YES;
				CLANG_WARN_OBJC_IMPLICIT_RETAIN_SELF = YES;
				CLANG_WARN_OBJC_LITERAL_CONVERSION = YES;
				CLANG_WARN_OBJC_ROOT_CLASS = YES_ERROR;
				CLANG_WARN_QUOTED_INCLUDE_IN_FRAMEWORK_HEADER = YES;
				CLANG_WARN_RANGE_LOOP_ANALYSIS = YES;
				CLANG_WARN_STRICT_PROTOTYPES = YES;
				CLANG_WARN_SUSPICIOUS_MOVE = YES;
				CLANG_WARN_UNGUARDED_AVAILABILITY = YES_AGGRESSIVE;
				CLANG_WARN_UNREACHABLE_CODE = YES;
				CLANG_WARN__DUPLICATE_METHOD_MATCH = YES;
				COPY_PHASE_STRIP = NO;
				DEBUG_INFORMATION_FORMAT = "dwarf-with-dsym";
				ENABLE_NS_ASSERTIONS = NO;
				ENABLE_STRICT_OBJC_MSGSEND = YES;
				GCC_C_LANGUAGE_STANDARD = gnu11;
				GCC_NO_COMMON_BLOCKS = YES;
				GCC_WARN_64_TO_32_BIT_CONVERSION = YES;
				GCC_WARN_ABOUT_RETURN_TYPE = YES_ERROR;
				GCC_WARN_UNDECLARED_SELECTOR = YES;
				GCC_WARN_UNINITIALIZED_AUTOS = YES_AGGRESSIVE;
				GCC_WARN_UNUSED_FUNCTION = YES;
				GCC_WARN_UNUSED_VARIABLE = YES;
				IPHONEOS_DEPLOYMENT_TARGET = 15.2;
				MTL_ENABLE_DEBUG_INFO = NO;
				MTL_FAST_MATH = YES;
				SDKROOT = iphoneos;
				SWIFT_COMPILATION_MODE = wholemodule;
				SWIFT_OPTIMIZATION_LEVEL = "-O";
				VALIDATE_PRODUCT = YES;
			};
			name = Release;
		};
		AC77806C27D72FB000411B8F /* Debug */ = {
			isa = XCBuildConfiguration;
			baseConfigurationReference = D71F5C3DB32028A68EA6FD60 /* Pods-InstagramClon.debug.xcconfig */;
			buildSettings = {
				ASSETCATALOG_COMPILER_APPICON_NAME = AppIcon;
				ASSETCATALOG_COMPILER_GLOBAL_ACCENT_COLOR_NAME = AccentColor;
				CODE_SIGN_STYLE = Automatic;
				CURRENT_PROJECT_VERSION = 1;
				DEVELOPMENT_TEAM = MM3A7B75QR;
				GENERATE_INFOPLIST_FILE = YES;
				INFOPLIST_FILE = InstagramClon/Info.plist;
				INFOPLIST_KEY_UIApplicationSupportsIndirectInputEvents = YES;
				INFOPLIST_KEY_UILaunchStoryboardName = LaunchScreen;
				INFOPLIST_KEY_UIMainStoryboardFile = Main;
				INFOPLIST_KEY_UISupportedInterfaceOrientations_iPad = "UIInterfaceOrientationPortrait UIInterfaceOrientationPortraitUpsideDown UIInterfaceOrientationLandscapeLeft UIInterfaceOrientationLandscapeRight";
				INFOPLIST_KEY_UISupportedInterfaceOrientations_iPhone = "UIInterfaceOrientationPortrait UIInterfaceOrientationLandscapeLeft UIInterfaceOrientationLandscapeRight";
				LD_RUNPATH_SEARCH_PATHS = (
					"$(inherited)",
					"@executable_path/Frameworks",
				);
				MARKETING_VERSION = 1.0;
				PRODUCT_BUNDLE_IDENTIFIER = RogelioLopez.InstagramClon;
				PRODUCT_NAME = "$(TARGET_NAME)";
				SWIFT_EMIT_LOC_STRINGS = YES;
				SWIFT_VERSION = 5.0;
				TARGETED_DEVICE_FAMILY = "1,2";
			};
			name = Debug;
		};
		AC77806D27D72FB000411B8F /* Release */ = {
			isa = XCBuildConfiguration;
			baseConfigurationReference = 59D467E6E06BD5A826E299E3 /* Pods-InstagramClon.release.xcconfig */;
			buildSettings = {
				ASSETCATALOG_COMPILER_APPICON_NAME = AppIcon;
				ASSETCATALOG_COMPILER_GLOBAL_ACCENT_COLOR_NAME = AccentColor;
				CODE_SIGN_STYLE = Automatic;
				CURRENT_PROJECT_VERSION = 1;
				DEVELOPMENT_TEAM = MM3A7B75QR;
				GENERATE_INFOPLIST_FILE = YES;
				INFOPLIST_FILE = InstagramClon/Info.plist;
				INFOPLIST_KEY_UIApplicationSupportsIndirectInputEvents = YES;
				INFOPLIST_KEY_UILaunchStoryboardName = LaunchScreen;
				INFOPLIST_KEY_UIMainStoryboardFile = Main;
				INFOPLIST_KEY_UISupportedInterfaceOrientations_iPad = "UIInterfaceOrientationPortrait UIInterfaceOrientationPortraitUpsideDown UIInterfaceOrientationLandscapeLeft UIInterfaceOrientationLandscapeRight";
				INFOPLIST_KEY_UISupportedInterfaceOrientations_iPhone = "UIInterfaceOrientationPortrait UIInterfaceOrientationLandscapeLeft UIInterfaceOrientationLandscapeRight";
				LD_RUNPATH_SEARCH_PATHS = (
					"$(inherited)",
					"@executable_path/Frameworks",
				);
				MARKETING_VERSION = 1.0;
				PRODUCT_BUNDLE_IDENTIFIER = RogelioLopez.InstagramClon;
				PRODUCT_NAME = "$(TARGET_NAME)";
				SWIFT_EMIT_LOC_STRINGS = YES;
				SWIFT_VERSION = 5.0;
				TARGETED_DEVICE_FAMILY = "1,2";
			};
			name = Release;
		};
/* End XCBuildConfiguration section */

/* Begin XCConfigurationList section */
		AC77805227D72FA900411B8F /* Build configuration list for PBXProject "InstagramClon" */ = {
			isa = XCConfigurationList;
			buildConfigurations = (
				AC77806927D72FB000411B8F /* Debug */,
				AC77806A27D72FB000411B8F /* Release */,
			);
			defaultConfigurationIsVisible = 0;
			defaultConfigurationName = Release;
		};
		AC77806B27D72FB000411B8F /* Build configuration list for PBXNativeTarget "InstagramClon" */ = {
			isa = XCConfigurationList;
			buildConfigurations = (
				AC77806C27D72FB000411B8F /* Debug */,
				AC77806D27D72FB000411B8F /* Release */,
			);
			defaultConfigurationIsVisible = 0;
			defaultConfigurationName = Release;
		};
/* End XCConfigurationList section */
	};
	rootObject = AC77804F27D72FA900411B8F /* Project object */;
}
